<?xml version="1.0" encoding="utf-8"?>
<Project ToolsVersion="4.0" xmlns="http://schemas.microsoft.com/developer/msbuild/2003">
  <ItemGroup>
    <Filter Include="Typhoon">
      <UniqueIdentifier>{96674168-0247-C003-0B5F-4BDA77BD2665}</UniqueIdentifier>
    </Filter>
  </ItemGroup>
  <ItemGroup>
    <ClInclude Include="Src\Typhoon\Application.h">
      <Filter>Typhoon</Filter>
    </ClInclude>
    <ClInclude Include="Src\Typhoon\EntryPoint.h">
      <Filter>Typhoon</Filter>
    </ClInclude>
    <ClInclude Include="Src\Typhoon\Log.h">
      <Filter>Typhoon</Filter>
    </ClInclude>
    <ClInclude Include="Src\TyphoonEngine.h" />
  </ItemGroup>
  <ItemGroup>
    <ClCompile Include="Src\Typhoon\Application.cpp">
      <Filter>Typhoon</Filter>
    </ClCompile>
    <ClCompile Include="Src\Typhoon\Log.cpp">
      <Filter>Typhoon</Filter>
    </ClCompile>
  </ItemGroup>
</Project>